
Microsoft Visual Studio Solution File, Format Version 11.00
# Visual Studio 2010
Project("{FAE04EC0-301F-11D3-BF4B-00C04F79EFBC}") = "Assembly-CSharp", "Assembly-CSharp.csproj", "{F21AE9C7-B6CC-9BEE-057C-81FBCA79446D}"
EndProject
Global
	GlobalSection(SolutionConfigurationPlatforms) = preSolution
		Debug|Any CPU = Debug|Any CPU
		Release|Any CPU = Release|Any CPU
	EndGlobalSection
	GlobalSection(ProjectConfigurationPlatforms) = postSolution
		{F21AE9C7-B6CC-9BEE-057C-81FBCA79446D}.Debug|Any CPU.ActiveCfg = Debug|Any CPU
		{F21AE9C7-B6CC-9BEE-057C-81FBCA79446D}.Debug|Any CPU.Build.0 = Debug|Any CPU
		{F21AE9C7-B6CC-9BEE-057C-81FBCA79446D}.Release|Any CPU.ActiveCfg = Release|Any CPU
		{F21AE9C7-B6CC-9BEE-057C-81FBCA79446D}.Release|Any CPU.Build.0 = Release|Any CPU
	EndGlobalSection
	GlobalSection(SolutionProperties) = preSolution
		HideSolutionNode = FALSE
	EndGlobalSection
EndGlobal
